// !$*UTF8*$!
{
	archiveVersion = 1;
	classes = {
	};
	objectVersion = 48;
	objects = {

/* Begin PBXBuildFile section */
		781A31EE1FECB0D2007BC612 /* AppDelegate.swift in Sources */ = {isa = PBXBuildFile; fileRef = 781A31ED1FECB0D2007BC612 /* AppDelegate.swift */; };
		781A31F01FECB0D2007BC612 /* ViewController.swift in Sources */ = {isa = PBXBuildFile; fileRef = 781A31EF1FECB0D2007BC612 /* ViewController.swift */; };
		781A31F31FECB0D2007BC612 /* Main.storyboard in Resources */ = {isa = PBXBuildFile; fileRef = 781A31F11FECB0D2007BC612 /* Main.storyboard */; };
		781A31F51FECB0D2007BC612 /* Assets.xcassets in Resources */ = {isa = PBXBuildFile; fileRef = 781A31F41FECB0D2007BC612 /* Assets.xcassets */; };
		781A31F81FECB0D2007BC612 /* LaunchScreen.storyboard in Resources */ = {isa = PBXBuildFile; fileRef = 781A31F61FECB0D2007BC612 /* LaunchScreen.storyboard */; };
		781A32031FECB0D2007BC612 /* objectDetectorTests.swift in Sources */ = {isa = PBXBuildFile; fileRef = 781A32021FECB0D2007BC612 /* objectDetectorTests.swift */; };
		781A320E1FECB0D2007BC612 /* objectDetectorUITests.swift in Sources */ = {isa = PBXBuildFile; fileRef = 781A320D1FECB0D2007BC612 /* objectDetectorUITests.swift */; };
		781A321C1FED951E007BC612 /* SqueezeNet.mlmodel in Sources */ = {isa = PBXBuildFile; fileRef = 781A321B1FED951E007BC612 /* SqueezeNet.mlmodel */; };
		781A321E1FED98DC007BC612 /* VGG16.mlmodel in Sources */ = {isa = PBXBuildFile; fileRef = 781A321D1FED98DC007BC612 /* VGG16.mlmodel */; };
/* End PBXBuildFile section */

/* Begin PBXContainerItemProxy section */
		781A31FF1FECB0D2007BC612 /* PBXContainerItemProxy */ = {
			isa = PBXContainerItemProxy;
			containerPortal = 781A31E21FECB0D2007BC612 /* Project object */;
			proxyType = 1;
			remoteGlobalIDString = 781A31E91FECB0D2007BC612;
			remoteInfo = objectDetector;
		};
		781A320A1FECB0D2007BC612 /* PBXContainerItemProxy */ = {
			isa = PBXContainerItemProxy;
			containerPortal = 781A31E21FECB0D2007BC612 /* Project object */;
			proxyType = 1;
			remoteGlobalIDString = 781A31E91FECB0D2007BC612;
			remoteInfo = objectDetector;
		};
/* End PBXContainerItemProxy section */

/* Begin PBXFileReference section */
		781A31EA1FECB0D2007BC612 /* objectDetector.app */ = {isa = PBXFileReference; explicitFileType = wrapper.application; includeInIndex = 0; path = objectDetector.app; sourceTree = BUILT_PRODUCTS_DIR; };
		781A31ED1FECB0D2007BC612 /* AppDelegate.swift */ = {isa = PBXFileReference; lastKnownFileType = sourcecode.swift; path = AppDelegate.swift; sourceTree = "<group>"; };
		781A31EF1FECB0D2007BC612 /* ViewController.swift */ = {isa = PBXFileReference; lastKnownFileType = sourcecode.swift; path = ViewController.swift; sourceTree = "<group>"; };
		781A31F21FECB0D2007BC612 /* Base */ = {isa = PBXFileReference; lastKnownFileType = file.storyboard; name = Base; path = Base.lproj/Main.storyboard; sourceTree = "<group>"; };
		781A31F41FECB0D2007BC612 /* Assets.xcassets */ = {isa = PBXFileReference; lastKnownFileType = folder.assetcatalog; path = Assets.xcassets; sourceTree = "<group>"; };
		781A31F71FECB0D2007BC612 /* Base */ = {isa = PBXFileReference; lastKnownFileType = file.storyboard; name = Base; path = Base.lproj/LaunchScreen.storyboard; sourceTree = "<group>"; };
		781A31F91FECB0D2007BC612 /* Info.plist */ = {isa = PBXFileReference; lastKnownFileType = text.plist.xml; path = Info.plist; sourceTree = "<group>"; };
		781A31FE1FECB0D2007BC612 /* objectDetectorTests.xctest */ = {isa = PBXFileReference; explicitFileType = wrapper.cfbundle; includeInIndex = 0; path = objectDetectorTests.xctest; sourceTree = BUILT_PRODUCTS_DIR; };
		781A32021FECB0D2007BC612 /* objectDetectorTests.swift */ = {isa = PBXFileReference; lastKnownFileType = sourcecode.swift; path = objectDetectorTests.swift; sourceTree = "<group>"; };
		781A32041FECB0D2007BC612 /* Info.plist */ = {isa = PBXFileReference; lastKnownFileType = text.plist.xml; path = Info.plist; sourceTree = "<group>"; };
		781A32091FECB0D2007BC612 /* objectDetectorUITests.xctest */ = {isa = PBXFileReference; explicitFileType = wrapper.cfbundle; includeInIndex = 0; path = objectDetectorUITests.xctest; sourceTree = BUILT_PRODUCTS_DIR; };
		781A320D1FECB0D2007BC612 /* objectDetectorUITests.swift */ = {isa = PBXFileReference; lastKnownFileType = sourcecode.swift; path = objectDetectorUITests.swift; sourceTree = "<group>"; };
		781A320F1FECB0D2007BC612 /* Info.plist */ = {isa = PBXFileReference; lastKnownFileType = text.plist.xml; path = Info.plist; sourceTree = "<group>"; };
		781A321B1FED951E007BC612 /* SqueezeNet.mlmodel */ = {isa = PBXFileReference; lastKnownFileType = file.mlmodel; name = SqueezeNet.mlmodel; path = ../../../../../Downloads/SqueezeNet.mlmodel; sourceTree = "<group>"; };
		781A321D1FED98DC007BC612 /* VGG16.mlmodel */ = {isa = PBXFileReference; lastKnownFileType = file.mlmodel; name = VGG16.mlmodel; path = ../../../../../Downloads/VGG16.mlmodel; sourceTree = "<group>"; };
/* End PBXFileReference section */

/* Begin PBXFrameworksBuildPhase section */
		781A31E71FECB0D2007BC612 /* Frameworks */ = {
			isa = PBXFrameworksBuildPhase;
			buildActionMask = 2147483647;
			files = (
			);
			runOnlyForDeploymentPostprocessing = 0;
		};
		781A31FB1FECB0D2007BC612 /* Frameworks */ = {
			isa = PBXFrameworksBuildPhase;
			buildActionMask = 2147483647;
			files = (
			);
			runOnlyForDeploymentPostprocessing = 0;
		};
		781A32061FECB0D2007BC612 /* Frameworks */ = {
			isa = PBXFrameworksBuildPhase;
			buildActionMask = 2147483647;
			files = (
			);
			runOnlyForDeploymentPostprocessing = 0;
		};
/* End PBXFrameworksBuildPhase section */

/* Begin PBXGroup section */
		781A31E11FECB0D2007BC612 = {
			isa = PBXGroup;
			children = (
				781A31EC1FECB0D2007BC612 /* objectDetector */,
				781A32011FECB0D2007BC612 /* objectDetectorTests */,
				781A320C1FECB0D2007BC612 /* objectDetectorUITests */,
				781A31EB1FECB0D2007BC612 /* Products */,
			);
			sourceTree = "<group>";
		};
		781A31EB1FECB0D2007BC612 /* Products */ = {
			isa = PBXGroup;
			children = (
				781A31EA1FECB0D2007BC612 /* objectDetector.app */,
				781A31FE1FECB0D2007BC612 /* objectDetectorTests.xctest */,
				781A32091FECB0D2007BC612 /* objectDetectorUITests.xctest */,
			);
			name = Products;
			sourceTree = "<group>";
		};
		781A31EC1FECB0D2007BC612 /* objectDetector */ = {
			isa = PBXGroup;
			children = (
				781A31ED1FECB0D2007BC612 /* AppDelegate.swift */,
				781A31EF1FECB0D2007BC612 /* ViewController.swift */,
				781A321D1FED98DC007BC612 /* VGG16.mlmodel */,
				781A31F11FECB0D2007BC612 /* Main.storyboard */,
				781A321B1FED951E007BC612 /* SqueezeNet.mlmodel */,
				781A31F41FECB0D2007BC612 /* Assets.xcassets */,
				781A31F61FECB0D2007BC612 /* LaunchScreen.storyboard */,
				781A31F91FECB0D2007BC612 /* Info.plist */,
			);
			path = objectDetector;
			sourceTree = "<group>";
		};
		781A32011FECB0D2007BC612 /* objectDetectorTests */ = {
			isa = PBXGroup;
			children = (
				781A32021FECB0D2007BC612 /* objectDetectorTests.swift */,
				781A32041FECB0D2007BC612 /* Info.plist */,
			);
			path = objectDetectorTests;
			sourceTree = "<group>";
		};
		781A320C1FECB0D2007BC612 /* objectDetectorUITests */ = {
			isa = PBXGroup;
			children = (
				781A320D1FECB0D2007BC612 /* objectDetectorUITests.swift */,
				781A320F1FECB0D2007BC612 /* Info.plist */,
			);
			path = objectDetectorUITests;
			sourceTree = "<group>";
		};
/* End PBXGroup section */

/* Begin PBXNativeTarget section */
		781A31E91FECB0D2007BC612 /* objectDetector */ = {
			isa = PBXNativeTarget;
			buildConfigurationList = 781A32121FECB0D2007BC612 /* Build configuration list for PBXNativeTarget "objectDetector" */;
			buildPhases = (
				781A31E61FECB0D2007BC612 /* Sources */,
				781A31E71FECB0D2007BC612 /* Frameworks */,
				781A31E81FECB0D2007BC612 /* Resources */,
			);
			buildRules = (
			);
			dependencies = (
			);
			name = objectDetector;
			productName = objectDetector;
			productReference = 781A31EA1FECB0D2007BC612 /* objectDetector.app */;
			productType = "com.apple.product-type.application";
		};
		781A31FD1FECB0D2007BC612 /* objectDetectorTests */ = {
			isa = PBXNativeTarget;
			buildConfigurationList = 781A32151FECB0D2007BC612 /* Build configuration list for PBXNativeTarget "objectDetectorTests" */;
			buildPhases = (
				781A31FA1FECB0D2007BC612 /* Sources */,
				781A31FB1FECB0D2007BC612 /* Frameworks */,
				781A31FC1FECB0D2007BC612 /* Resources */,
			);
			buildRules = (
			);
			dependencies = (
				781A32001FECB0D2007BC612 /* PBXTargetDependency */,
			);
			name = objectDetectorTests;
			productName = objectDetectorTests;
			productReference = 781A31FE1FECB0D2007BC612 /* objectDetectorTests.xctest */;
			productType = "com.apple.product-type.bundle.unit-test";
		};
		781A32081FECB0D2007BC612 /* objectDetectorUITests */ = {
			isa = PBXNativeTarget;
			buildConfigurationList = 781A32181FECB0D2007BC612 /* Build configuration list for PBXNativeTarget "objectDetectorUITests" */;
			buildPhases = (
				781A32051FECB0D2007BC612 /* Sources */,
				781A32061FECB0D2007BC612 /* Frameworks */,
				781A32071FECB0D2007BC612 /* Resources */,
			);
			buildRules = (
			);
			dependencies = (
				781A320B1FECB0D2007BC612 /* PBXTargetDependency */,
			);
			name = objectDetectorUITests;
			productName = objectDetectorUITests;
			productReference = 781A32091FECB0D2007BC612 /* objectDetectorUITests.xctest */;
			productType = "com.apple.product-type.bundle.ui-testing";
		};
/* End PBXNativeTarget section */

/* Begin PBXProject section */
		781A31E21FECB0D2007BC612 /* Project object */ = {
			isa = PBXProject;
			attributes = {
				LastSwiftUpdateCheck = 0910;
				LastUpgradeCheck = 0910;
				ORGANIZATIONNAME = "Vishaal Bommena";
				TargetAttributes = {
					781A31E91FECB0D2007BC612 = {
						CreatedOnToolsVersion = 9.1;
						ProvisioningStyle = Automatic;
					};
					781A31FD1FECB0D2007BC612 = {
						CreatedOnToolsVersion = 9.1;
						ProvisioningStyle = Automatic;
						TestTargetID = 781A31E91FECB0D2007BC612;
					};
					781A32081FECB0D2007BC612 = {
						CreatedOnToolsVersion = 9.1;
						ProvisioningStyle = Automatic;
						TestTargetID = 781A31E91FECB0D2007BC612;
					};
				};
			};
			buildConfigurationList = 781A31E51FECB0D2007BC612 /* Build configuration list for PBXProject "objectDetector" */;
			compatibilityVersion = "Xcode 8.0";
			developmentRegion = en;
			hasScannedForEncodings = 0;
			knownRegions = (
				en,
				Base,
			);
			mainGroup = 781A31E11FECB0D2007BC612;
			productRefGroup = 781A31EB1FECB0D2007BC612 /* Products */;
			projectDirPath = "";
			projectRoot = "";
			targets = (
				781A31E91FECB0D2007BC612 /* objectDetector */,
				781A31FD1FECB0D2007BC612 /* objectDetectorTests */,
				781A32081FECB0D2007BC612 /* objectDetectorUITests */,
			);
		};
/* End PBXProject section */

/* Begin PBXResourcesBuildPhase section */
		781A31E81FECB0D2007BC612 /* Resources */ = {
			isa = PBXResourcesBuildPhase;
			buildActionMask = 2147483647;
			files = (
				781A31F81FECB0D2007BC612 /* LaunchScreen.storyboard in Resources */,
				781A31F51FECB0D2007BC612 /* Assets.xcassets in Resources */,
				781A31F31FECB0D2007BC612 /* Main.storyboard in Resources */,
			);
			runOnlyForDeploymentPostprocessing = 0;
		};
		781A31FC1FECB0D2007BC612 /* Resources */ = {
			isa = PBXResourcesBuildPhase;
			buildActionMask = 2147483647;
			files = (
			);
			runOnlyForDeploymentPostprocessing = 0;
		};
		781A32071FECB0D2007BC612 /* Resources */ = {
			isa = PBXResourcesBuildPhase;
			buildActionMask = 2147483647;
			files = (
			);
			runOnlyForDeploymentPostprocessing = 0;
		};
/* End PBXResourcesBuildPhase section */

/* Begin PBXSourcesBuildPhase section */
		781A31E61FECB0D2007BC612 /* Sources */ = {
			isa = PBXSourcesBuildPhase;
			buildActionMask = 2147483647;
			files = (
				781A321E1FED98DC007BC612 /* VGG16.mlmodel in Sources */,
				781A31F01FECB0D2007BC612 /* ViewController.swift in Sources */,
				781A321C1FED951E007BC612 /* SqueezeNet.mlmodel in Sources */,
				781A31EE1FECB0D2007BC612 /* AppDelegate.swift in Sources */,
			);
			runOnlyForDeploymentPostprocessing = 0;
		};
		781A31FA1FECB0D2007BC612 /* Sources */ = {
			isa = PBXSourcesBuildPhase;
			buildActionMask = 2147483647;
			files = (
				781A32031FECB0D2007BC612 /* objectDetectorTests.swift in Sources */,
			);
			runOnlyForDeploymentPostprocessing = 0;
		};
		781A32051FECB0D2007BC612 /* Sources */ = {
			isa = PBXSourcesBuildPhase;
			buildActionMask = 2147483647;
			files = (
				781A320E1FECB0D2007BC612 /* objectDetectorUITests.swift in Sources */,
			);
			runOnlyForDeploymentPostprocessing = 0;
		};
/* End PBXSourcesBuildPhase section */

/* Begin PBXTargetDependency section */
		781A32001FECB0D2007BC612 /* PBXTargetDependency */ = {
			isa = PBXTargetDependency;
			target = 781A31E91FECB0D2007BC612 /* objectDetector */;
			targetProxy = 781A31FF1FECB0D2007BC612 /* PBXContainerItemProxy */;
		};
		781A320B1FECB0D2007BC612 /* PBXTargetDependency */ = {
			isa = PBXTargetDependency;
			target = 781A31E91FECB0D2007BC612 /* objectDetector */;
			targetProxy = 781A320A1FECB0D2007BC612 /* PBXContainerItemProxy */;
		};
/* End PBXTargetDependency section */

/* Begin PBXVariantGroup section */
		781A31F11FECB0D2007BC612 /* Main.storyboard */ = {
			isa = PBXVariantGroup;
			children = (
				781A31F21FECB0D2007BC612 /* Base */,
			);
			name = Main.storyboard;
			sourceTree = "<group>";
		};
		781A31F61FECB0D2007BC612 /* LaunchScreen.storyboard */ = {
			isa = PBXVariantGroup;
			children = (
				781A31F71FECB0D2007BC612 /* Base */,
			);
			name = LaunchScreen.storyboard;
			sourceTree = "<group>";
		};
/* End PBXVariantGroup section */

/* Begin XCBuildConfiguration section */
		781A32101FECB0D2007BC612 /* Debug */ = {
			isa = XCBuildConfiguration;
			buildSettings = {
				ALWAYS_SEARCH_USER_PATHS = NO;
				CLANG_ANALYZER_NONNULL = YES;
				CLANG_ANALYZER_NUMBER_OBJECT_CONVERSION = YES_AGGRESSIVE;
				CLANG_CXX_LANGUAGE_STANDARD = "gnu++14";
				CLANG_CXX_LIBRARY = "libc++";
				CLANG_ENABLE_MODULES = YES;
				CLANG_ENABLE_OBJC_ARC = YES;
				CLANG_WARN_BLOCK_CAPTURE_AUTORELEASING = YES;
				CLANG_WARN_BOOL_CONVERSION = YES;
				CLANG_WARN_COMMA = YES;
				CLANG_WARN_CONSTANT_CONVERSION = YES;
				CLANG_WARN_DIRECT_OBJC_ISA_USAGE = YES_ERROR;
				CLANG_WARN_DOCUMENTATION_COMMENTS = YES;
				CLANG_WARN_EMPTY_BODY = YES;
				CLANG_WARN_ENUM_CONVERSION = YES;
				CLANG_WARN_INFINITE_RECURSION = YES;
				CLANG_WARN_INT_CONVERSION = YES;
				CLANG_WARN_NON_LITERAL_NULL_CONVERSION = YES;
				CLANG_WARN_OBJC_LITERAL_CONVERSION = YES;
				CLANG_WARN_OBJC_ROOT_CLASS = YES_ERROR;
				CLANG_WARN_RANGE_LOOP_ANALYSIS = YES;
				CLANG_WARN_STRICT_PROTOTYPES = YES;
				CLANG_WARN_SUSPICIOUS_MOVE = YES;
				CLANG_WARN_UNGUARDED_AVAILABILITY = YES_AGGRESSIVE;
				CLANG_WARN_UNREACHABLE_CODE = YES;
				CLANG_WARN__DUPLICATE_METHOD_MATCH = YES;
				CODE_SIGN_IDENTITY = "iPhone Developer";
				COPY_PHASE_STRIP = NO;
				DEBUG_INFORMATION_FORMAT = dwarf;
				ENABLE_STRICT_OBJC_MSGSEND = YES;
				ENABLE_TESTABILITY = YES;
				GCC_C_LANGUAGE_STANDARD = gnu11;
				GCC_DYNAMIC_NO_PIC = NO;
				GCC_NO_COMMON_BLOCKS = YES;
				GCC_OPTIMIZATION_LEVEL = 0;
				GCC_PREPROCESSOR_DEFINITIONS = (
					"DEBUG=1",
					"$(inherited)",
				);
				GCC_WARN_64_TO_32_BIT_CONVERSION = YES;
				GCC_WARN_ABOUT_RETURN_TYPE = YES_ERROR;
				GCC_WARN_UNDECLARED_SELECTOR = YES;
				GCC_WARN_UNINITIALIZED_AUTOS = YES_AGGRESSIVE;
				GCC_WARN_UNUSED_FUNCTION = YES;
				GCC_WARN_UNUSED_VARIABLE = YES;
				IPHONEOS_DEPLOYMENT_TARGET = 11.1;
				MTL_ENABLE_DEBUG_INFO = YES;
				ONLY_ACTIVE_ARCH = YES;
				SDKROOT = iphoneos;
				SWIFT_ACTIVE_COMPILATION_CONDITIONS = DEBUG;
				SWIFT_OPTIMIZATION_LEVEL = "-Onone";
			};
			name = Debug;
		};
		781A32111FECB0D2007BC612 /* Release */ = {
			isa = XCBuildConfiguration;
			buildSettings = {
				ALWAYS_SEARCH_USER_PATHS = NO;
				CLANG_ANALYZER_NONNULL = YES;
				CLANG_ANALYZER_NUMBER_OBJECT_CONVERSION = YES_AGGRESSIVE;
				CLANG_CXX_LANGUAGE_STANDARD = "gnu++14";
				CLANG_CXX_LIBRARY = "libc++";
				CLANG_ENABLE_MODULES = YES;
				CLANG_ENABLE_OBJC_ARC = YES;
				CLANG_WARN_BLOCK_CAPTURE_AUTORELEASING = YES;
				CLANG_WARN_BOOL_CONVERSION = YES;
				CLANG_WARN_COMMA = YES;
				CLANG_WARN_CONSTANT_CONVERSION = YES;
				CLANG_WARN_DIRECT_OBJC_ISA_USAGE = YES_ERROR;
				CLANG_WARN_DOCUMENTATION_COMMENTS = YES;
				CLANG_WARN_EMPTY_BODY = YES;
				CLANG_WARN_ENUM_CONVERSION = YES;
				CLANG_WARN_INFINITE_RECURSION = YES;
				CLANG_WARN_INT_CONVERSION = YES;
				CLANG_WARN_NON_LITERAL_NULL_CONVERSION = YES;
				CLANG_WARN_OBJC_LITERAL_CONVERSION = YES;
				CLANG_WARN_OBJC_ROOT_CLASS = YES_ERROR;
				CLANG_WARN_RANGE_LOOP_ANALYSIS = YES;
				CLANG_WARN_STRICT_PROTOTYPES = YES;
				CLANG_WARN_SUSPICIOUS_MOVE = YES;
				CLANG_WARN_UNGUARDED_AVAILABILITY = YES_AGGRESSIVE;
				CLANG_WARN_UNREACHABLE_CODE = YES;
				CLANG_WARN__DUPLICATE_METHOD_MATCH = YES;
				CODE_SIGN_IDENTITY = "iPhone Developer";
				COPY_PHASE_STRIP = NO;
				DEBUG_INFORMATION_FORMAT = "dwarf-with-dsym";
				ENABLE_NS_ASSERTIONS = NO;
				ENABLE_STRICT_OBJC_MSGSEND = YES;
				GCC_C_LANGUAGE_STANDARD = gnu11;
				GCC_NO_COMMON_BLOCKS = YES;
				GCC_WARN_64_TO_32_BIT_CONVERSION = YES;
				GCC_WARN_ABOUT_RETURN_TYPE = YES_ERROR;
				GCC_WARN_UNDECLARED_SELECTOR = YES;
				GCC_WARN_UNINITIALIZED_AUTOS = YES_AGGRESSIVE;
				GCC_WARN_UNUSED_FUNCTION = YES;
				GCC_WARN_UNUSED_VARIABLE = YES;
				IPHONEOS_DEPLOYMENT_TARGET = 11.1;
				MTL_ENABLE_DEBUG_INFO = NO;
				SDKROOT = iphoneos;
				SWIFT_OPTIMIZATION_LEVEL = "-Owholemodule";
				VALIDATE_PRODUCT = YES;
			};
			name = Release;
		};
		781A32131FECB0D2007BC612 /* Debug */ = {
			isa = XCBuildConfiguration;
			buildSettings = {
				ASSETCATALOG_COMPILER_APPICON_NAME = AppIcon;
				CODE_SIGN_STYLE = Automatic;
				DEVELOPMENT_TEAM = ZPHC283627;
				INFOPLIST_FILE = objectDetector/Info.plist;
				LD_RUNPATH_SEARCH_PATHS = "$(inherited) @executable_path/Frameworks";
				PRODUCT_BUNDLE_IDENTIFIER = com.vbommena.objectDetector;
				PRODUCT_NAME = "$(TARGET_NAME)";
				SWIFT_VERSION = 4.0;
				TARGETED_DEVICE_FAMILY = "1,2";
			};
			name = Debug;
		};
		781A32141FECB0D2007BC612 /* Release */ = {
			isa = XCBuildConfiguration;
			buildSettings = {
				ASSETCATALOG_COMPILER_APPICON_NAME = AppIcon;
				CODE_SIGN_STYLE = Automatic;
				DEVELOPMENT_TEAM = ZPHC283627;
				INFOPLIST_FILE = objectDetector/Info.plist;
				LD_RUNPATH_SEARCH_PATHS = "$(inherited) @executable_path/Frameworks";
				PRODUCT_BUNDLE_IDENTIFIER = com.vbommena.objectDetector;
				PRODUCT_NAME = "$(TARGET_NAME)";
				SWIFT_VERSION = 4.0;
				TARGETED_DEVICE_FAMILY = "1,2";
			};
			name = Release;
		};
		781A32161FECB0D2007BC612 /* Debug */ = {
			isa = XCBuildConfiguration;
			buildSettings = {
				ALWAYS_EMBED_SWIFT_STANDARD_LIBRARIES = YES;
				BUNDLE_LOADER = "$(TEST_HOST)";
				CODE_SIGN_STYLE = Automatic;
				DEVELOPMENT_TEAM = ZPHC283627;
				INFOPLIST_FILE = objectDetectorTests/Info.plist;
				LD_RUNPATH_SEARCH_PATHS = "$(inherited) @executable_path/Frameworks @loader_path/Frameworks";
				PRODUCT_BUNDLE_IDENTIFIER = com.vbommena.objectDetectorTests;
				PRODUCT_NAME = "$(TARGET_NAME)";
				SWIFT_VERSION = 4.0;
				TARGETED_DEVICE_FAMILY = "1,2";
				TEST_HOST = "$(BUILT_PRODUCTS_DIR)/objectDetector.app/objectDetector";
			};
			name = Debug;
		};
		781A32171FECB0D2007BC612 /* Release */ = {
			isa = XCBuildConfiguration;
			buildSettings = {
				ALWAYS_EMBED_SWIFT_STANDARD_LIBRARIES = YES;
				BUNDLE_LOADER = "$(TEST_HOST)";
				CODE_SIGN_STYLE = Automatic;
				DEVELOPMENT_TEAM = ZPHC283627;
				INFOPLIST_FILE = objectDetectorTests/Info.plist;
				LD_RUNPATH_SEARCH_PATHS = "$(inherited) @executable_path/Frameworks @loader_path/Frameworks";
				PRODUCT_BUNDLE_IDENTIFIER = com.vbommena.objectDetectorTests;
				PRODUCT_NAME = "$(TARGET_NAME)";
				SWIFT_VERSION = 4.0;
				TARGETED_DEVICE_FAMILY = "1,2";
				TEST_HOST = "$(BUILT_PRODUCTS_DIR)/objectDetector.app/objectDetector";
			};
			name = Release;
		};
		781A32191FECB0D2007BC612 /* Debug */ = {
			isa = XCBuildConfiguration;
			buildSettings = {
				ALWAYS_EMBED_SWIFT_STANDARD_LIBRARIES = YES;
				CODE_SIGN_STYLE = Automatic;
				DEVELOPMENT_TEAM = ZPHC283627;
				INFOPLIST_FILE = objectDetectorUITests/Info.plist;
				LD_RUNPATH_SEARCH_PATHS = "$(inherited) @executable_path/Frameworks @loader_path/Frameworks";
				PRODUCT_BUNDLE_IDENTIFIER = com.vbommena.objectDetectorUITests;
				PRODUCT_NAME = "$(TARGET_NAME)";
				SWIFT_VERSION = 4.0;
				TARGETED_DEVICE_FAMILY = "1,2";
				TEST_TARGET_NAME = objectDetector;
			};
			name = Debug;
		};
		781A321A1FECB0D2007BC612 /* Release */ = {
			isa = XCBuildConfiguration;
			buildSettings = {
				ALWAYS_EMBED_SWIFT_STANDARD_LIBRARIES = YES;
				CODE_SIGN_STYLE = Automatic;
				DEVELOPMENT_TEAM = ZPHC283627;
				INFOPLIST_FILE = objectDetectorUITests/Info.plist;
				LD_RUNPATH_SEARCH_PATHS = "$(inherited) @executable_path/Frameworks @loader_path/Frameworks";
				PRODUCT_BUNDLE_IDENTIFIER = com.vbommena.objectDetectorUITests;
				PRODUCT_NAME = "$(TARGET_NAME)";
				SWIFT_VERSION = 4.0;
				TARGETED_DEVICE_FAMILY = "1,2";
				TEST_TARGET_NAME = objectDetector;
			};
			name = Release;
		};
/* End XCBuildConfiguration section */

/* Begin XCConfigurationList section */
		781A31E51FECB0D2007BC612 /* Build configuration list for PBXProject "objectDetector" */ = {
			isa = XCConfigurationList;
			buildConfigurations = (
				781A32101FECB0D2007BC612 /* Debug */,
				781A32111FECB0D2007BC612 /* Release */,
			);
			defaultConfigurationIsVisible = 0;
			defaultConfigurationName = Release;
		};
		781A32121FECB0D2007BC612 /* Build configuration list for PBXNativeTarget "objectDetector" */ = {
			isa = XCConfigurationList;
			buildConfigurations = (
				781A32131FECB0D2007BC612 /* Debug */,
				781A32141FECB0D2007BC612 /* Release */,
			);
			defaultConfigurationIsVisible = 0;
			defaultConfigurationName = Release;
		};
		781A32151FECB0D2007BC612 /* Build configuration list for PBXNativeTarget "objectDetectorTests" */ = {
			isa = XCConfigurationList;
			buildConfigurations = (
				781A32161FECB0D2007BC612 /* Debug */,
				781A32171FECB0D2007BC612 /* Release */,
			);
			defaultConfigurationIsVisible = 0;
			defaultConfigurationName = Release;
		};
		781A32181FECB0D2007BC612 /* Build configuration list for PBXNativeTarget "objectDetectorUITests" */ = {
			isa = XCConfigurationList;
			buildConfigurations = (
				781A32191FECB0D2007BC612 /* Debug */,
				781A321A1FECB0D2007BC612 /* Release */,
			);
			defaultConfigurationIsVisible = 0;
			defaultConfigurationName = Release;
		};
/* End XCConfigurationList section */
	};
	rootObject = 781A31E21FECB0D2007BC612 /* Project object */;
}
